
Microsoft Visual Studio Solution File, Format Version 12.00
# Visual Studio Version 17
VisualStudioVersion = 17.13.35919.96 d17.13
MinimumVisualStudioVersion = 10.0.40219.1
Project("{FAE04EC0-301F-11D3-BF4B-00C04F79EFBC}") = "EFT_item_checker", "EFT_item_checker\EFT_item_checker.csproj", "{A703678B-48C4-468A-AB8E-146E0258D815}"
EndProject
Global
	GlobalSection(SolutionConfigurationPlatforms) = preSolution
		Debug|Any CPU = Debug|Any CPU
		Release|Any CPU = Release|Any CPU
	EndGlobalSection
	GlobalSection(ProjectConfigurationPlatforms) = postSolution
		{A703678B-48C4-468A-AB8E-146E0258D815}.Debug|Any CPU.ActiveCfg = Debug|Any CPU
		{A703678B-48C4-468A-AB8E-146E0258D815}.Debug|Any CPU.Build.0 = Debug|Any CPU
		{A703678B-48C4-468A-AB8E-146E0258D815}.Release|Any CPU.ActiveCfg = Release|Any CPU
		{A703678B-48C4-468A-AB8E-146E0258D815}.Release|Any CPU.Build.0 = Release|Any CPU
	EndGlobalSection
	GlobalSection(SolutionProperties) = preSolution
		HideSolutionNode = FALSE
	EndGlobalSection
	GlobalSection(ExtensibilityGlobals) = postSolution
		SolutionGuid = {CB885B18-96AC-45A8-B784-E9479DEF034A}
	EndGlobalSection
EndGlobal
